
Microsoft Visual Studio Solution File, Format Version 12.00
# Visual Studio Version 16
VisualStudioVersion = 16.0.30011.22
MinimumVisualStudioVersion = 10.0.40219.1
Project("{FAE04EC0-301F-11D3-BF4B-00C04F79EFBC}") = "cscomment", "cscomment\cscomment.csproj", "{8E5C4AB7-E454-405F-AD7D-186AF9A8CEA9}"
EndProject
Global
	GlobalSection(SolutionConfigurationPlatforms) = preSolution
		Debug|Any CPU = Debug|Any CPU
		Release|Any CPU = Release|Any CPU
	EndGlobalSection
	GlobalSection(ProjectConfigurationPlatforms) = postSolution
		{8E5C4AB7-E454-405F-AD7D-186AF9A8CEA9}.Debug|Any CPU.ActiveCfg = Debug|Any CPU
		{8E5C4AB7-E454-405F-AD7D-186AF9A8CEA9}.Debug|Any CPU.Build.0 = Debug|Any CPU
		{8E5C4AB7-E454-405F-AD7D-186AF9A8CEA9}.Release|Any CPU.ActiveCfg = Release|Any CPU
		{8E5C4AB7-E454-405F-AD7D-186AF9A8CEA9}.Release|Any CPU.Build.0 = Release|Any CPU
	EndGlobalSection
	GlobalSection(SolutionProperties) = preSolution
		HideSolutionNode = FALSE
	EndGlobalSection
	GlobalSection(ExtensibilityGlobals) = postSolution
		SolutionGuid = {DBCCFD7A-AA55-4BF0-A59E-AC7DA7B4ABE6}
	EndGlobalSection
EndGlobal
